
Microsoft Visual Studio Solution File, Format Version 12.00
# Visual Studio Version 16
VisualStudioVersion = 16.0.30011.22
MinimumVisualStudioVersion = 10.0.40219.1
Project("{FAE04EC0-301F-11D3-BF4B-00C04F79EFBC}") = "Homework", "Homework\Homework.csproj", "{494405F1-160B-42CC-93E9-668479B5E029}"
EndProject
Global
	GlobalSection(SolutionConfigurationPlatforms) = preSolution
		Debug|Any CPU = Debug|Any CPU
		Release|Any CPU = Release|Any CPU
	EndGlobalSection
	GlobalSection(ProjectConfigurationPlatforms) = postSolution
		{494405F1-160B-42CC-93E9-668479B5E029}.Debug|Any CPU.ActiveCfg = Debug|Any CPU
		{494405F1-160B-42CC-93E9-668479B5E029}.Debug|Any CPU.Build.0 = Debug|Any CPU
		{494405F1-160B-42CC-93E9-668479B5E029}.Release|Any CPU.ActiveCfg = Release|Any CPU
		{494405F1-160B-42CC-93E9-668479B5E029}.Release|Any CPU.Build.0 = Release|Any CPU
	EndGlobalSection
	GlobalSection(SolutionProperties) = preSolution
		HideSolutionNode = FALSE
	EndGlobalSection
	GlobalSection(ExtensibilityGlobals) = postSolution
		SolutionGuid = {4B540752-AF7E-47D2-80A2-AA823B91D3F7}
	EndGlobalSection
EndGlobal
